
Microsoft Visual Studio Solution File, Format Version 12.00
# Visual Studio Version 17
VisualStudioVersion = 17.9.34622.214
MinimumVisualStudioVersion = 10.0.40219.1
Project("{FAE04EC0-301F-11D3-BF4B-00C04F79EFBC}") = "Komikai_pilnas", "Komikai_pilnas\Komikai_pilnas.csproj", "{C5895366-4F91-49F7-A2AF-5D03B7B33BBF}"
EndProject
Global
	GlobalSection(SolutionConfigurationPlatforms) = preSolution
		Debug|Any CPU = Debug|Any CPU
		Release|Any CPU = Release|Any CPU
	EndGlobalSection
	GlobalSection(ProjectConfigurationPlatforms) = postSolution
		{C5895366-4F91-49F7-A2AF-5D03B7B33BBF}.Debug|Any CPU.ActiveCfg = Debug|Any CPU
		{C5895366-4F91-49F7-A2AF-5D03B7B33BBF}.Debug|Any CPU.Build.0 = Debug|Any CPU
		{C5895366-4F91-49F7-A2AF-5D03B7B33BBF}.Release|Any CPU.ActiveCfg = Release|Any CPU
		{C5895366-4F91-49F7-A2AF-5D03B7B33BBF}.Release|Any CPU.Build.0 = Release|Any CPU
	EndGlobalSection
	GlobalSection(SolutionProperties) = preSolution
		HideSolutionNode = FALSE
	EndGlobalSection
	GlobalSection(ExtensibilityGlobals) = postSolution
		SolutionGuid = {C88C2D46-1174-431B-BEBB-52ADAB2091F1}
	EndGlobalSection
EndGlobal
